{
  "object": {
    "pins": [
      {
        "package": "Kingfisher",
        "repositoryURL": "https://github.com/onevcat/Kingfisher.git",
        "state": {
          "branch": null,
          "revision": "2a10bf41da75599a9f8e872dbd44fe0155a2e00c",
          "version": "5.15.8"
        }
      },
      {
        "package": "SwiftAlert",
        "repositoryURL": "https://github.com/Goga-Barabadze/SwiftAlert",
        "state": {
          "branch": "master",
          "revision": "f8f6385a2143f13058f5d4f8a0f54b72ca08e7af",
          "version": null
        }
      },
      {
        "package": "SwiftNetworking",
        "repositoryURL": "https://github.com/Goga-Barabadze/SwiftNetworking",
        "state": {
          "branch": "master",
          "revision": "49f98c58ca1dcafbdf33c3c8ee52343064953d67",
          "version": null
        }
      }
    ]
  },
  "version": 1
}
